
Microsoft Visual Studio Solution File, Format Version 12.00
# Visual Studio Express 14 for Web
VisualStudioVersion = 14.0.23107.0
MinimumVisualStudioVersion = 10.0.40219.1
Project("{FAE04EC0-301F-11D3-BF4B-00C04F79EFBC}") = "ECommerce", "ECommerc\ECommerce.csproj", "{A6A9335B-D431-476B-9EA9-734785741730}"
EndProject
Project("{E24C65DC-7377-472B-9ABA-BC803B73C61A}") = "Assignment_10 (Delegates)(1)", "D:\Shivam Prajapati (2026)\C#.NET\Practice\Assignment\Assignment_10 (Delegates)\", "{68EACFFF-1EF5-462E-A777-B1962CC5FFBF}"
	ProjectSection(WebsiteProperties) = preProject
		TargetFrameworkMoniker = ".NETFramework,Version%3Dv4.5.2"
		Debug.AspNetCompiler.VirtualPath = "/localhost_55144"
		Debug.AspNetCompiler.PhysicalPath = "D:\Shivam Prajapati (2026)\C#.NET\Practice\Assignment\Assignment_10 (Delegates)\"
		Debug.AspNetCompiler.TargetPath = "PrecompiledWeb\localhost_55144\"
		Debug.AspNetCompiler.Updateable = "true"
		Debug.AspNetCompiler.ForceOverwrite = "true"
		Debug.AspNetCompiler.FixedNames = "false"
		Debug.AspNetCompiler.Debug = "True"
		Release.AspNetCompiler.VirtualPath = "/localhost_55144"
		Release.AspNetCompiler.PhysicalPath = "D:\Shivam Prajapati (2026)\C#.NET\Practice\Assignment\Assignment_10 (Delegates)\"
		Release.AspNetCompiler.TargetPath = "PrecompiledWeb\localhost_55144\"
		Release.AspNetCompiler.Updateable = "true"
		Release.AspNetCompiler.ForceOverwrite = "true"
		Release.AspNetCompiler.FixedNames = "false"
		Release.AspNetCompiler.Debug = "False"
		VWDPort = "55144"
		DefaultWebSiteLanguage = "Visual C#"
	EndProjectSection
EndProject
Project("{FAE04EC0-301F-11D3-BF4B-00C04F79EFBC}") = "OrderProcessingSystem", "OrderProcessingSystem\OrderProcessingSystem.csproj", "{6CB853E8-A3C3-4208-83D3-39A6A73D049C}"
EndProject
Project("{FAE04EC0-301F-11D3-BF4B-00C04F79EFBC}") = "Ecalci", "Ecalci\Ecalci.csproj", "{A6766F40-8A94-4860-88E7-776A507D3988}"
EndProject
Global
	GlobalSection(SolutionConfigurationPlatforms) = preSolution
		Debug|Any CPU = Debug|Any CPU
		Release|Any CPU = Release|Any CPU
	EndGlobalSection
	GlobalSection(ProjectConfigurationPlatforms) = postSolution
		{A6A9335B-D431-476B-9EA9-734785741730}.Debug|Any CPU.ActiveCfg = Debug|Any CPU
		{A6A9335B-D431-476B-9EA9-734785741730}.Debug|Any CPU.Build.0 = Debug|Any CPU
		{A6A9335B-D431-476B-9EA9-734785741730}.Release|Any CPU.ActiveCfg = Release|Any CPU
		{A6A9335B-D431-476B-9EA9-734785741730}.Release|Any CPU.Build.0 = Release|Any CPU
		{68EACFFF-1EF5-462E-A777-B1962CC5FFBF}.Debug|Any CPU.ActiveCfg = Debug|Any CPU
		{68EACFFF-1EF5-462E-A777-B1962CC5FFBF}.Debug|Any CPU.Build.0 = Debug|Any CPU
		{68EACFFF-1EF5-462E-A777-B1962CC5FFBF}.Release|Any CPU.ActiveCfg = Debug|Any CPU
		{68EACFFF-1EF5-462E-A777-B1962CC5FFBF}.Release|Any CPU.Build.0 = Debug|Any CPU
		{6CB853E8-A3C3-4208-83D3-39A6A73D049C}.Debug|Any CPU.ActiveCfg = Debug|Any CPU
		{6CB853E8-A3C3-4208-83D3-39A6A73D049C}.Debug|Any CPU.Build.0 = Debug|Any CPU
		{6CB853E8-A3C3-4208-83D3-39A6A73D049C}.Release|Any CPU.ActiveCfg = Release|Any CPU
		{6CB853E8-A3C3-4208-83D3-39A6A73D049C}.Release|Any CPU.Build.0 = Release|Any CPU
		{A6766F40-8A94-4860-88E7-776A507D3988}.Debug|Any CPU.ActiveCfg = Debug|Any CPU
		{A6766F40-8A94-4860-88E7-776A507D3988}.Debug|Any CPU.Build.0 = Debug|Any CPU
		{A6766F40-8A94-4860-88E7-776A507D3988}.Release|Any CPU.ActiveCfg = Release|Any CPU
		{A6766F40-8A94-4860-88E7-776A507D3988}.Release|Any CPU.Build.0 = Release|Any CPU
	EndGlobalSection
	GlobalSection(SolutionProperties) = preSolution
		HideSolutionNode = FALSE
	EndGlobalSection
EndGlobal
