
Microsoft Visual Studio Solution File, Format Version 12.00
# Visual Studio Express 14 for Web
VisualStudioVersion = 14.0.23107.0
MinimumVisualStudioVersion = 10.0.40219.1
Project("{E24C65DC-7377-472B-9ABA-BC803B73C61A}") = "ExtensionMethod", "D:\Shivam Prajapati (2026)\C#.NET\Practice\TopicWise\ExtensionMethod\", "{45E08964-8FE6-4DE3-9BDA-5ED7E19BFEE0}"
	ProjectSection(WebsiteProperties) = preProject
		TargetFrameworkMoniker = ".NETFramework,Version%3Dv4.0"
		Debug.AspNetCompiler.VirtualPath = "/localhost_52867"
		Debug.AspNetCompiler.PhysicalPath = "D:\Shivam Prajapati (2026)\C#.NET\Practice\TopicWise\ExtensionMethod\"
		Debug.AspNetCompiler.TargetPath = "PrecompiledWeb\localhost_52867\"
		Debug.AspNetCompiler.Updateable = "true"
		Debug.AspNetCompiler.ForceOverwrite = "true"
		Debug.AspNetCompiler.FixedNames = "false"
		Debug.AspNetCompiler.Debug = "True"
		Release.AspNetCompiler.VirtualPath = "/localhost_52867"
		Release.AspNetCompiler.PhysicalPath = "D:\Shivam Prajapati (2026)\C#.NET\Practice\TopicWise\ExtensionMethod\"
		Release.AspNetCompiler.TargetPath = "PrecompiledWeb\localhost_52867\"
		Release.AspNetCompiler.Updateable = "true"
		Release.AspNetCompiler.ForceOverwrite = "true"
		Release.AspNetCompiler.FixedNames = "false"
		Release.AspNetCompiler.Debug = "False"
		VWDPort = "52867"
	EndProjectSection
EndProject
Project("{FAE04EC0-301F-11D3-BF4B-00C04F79EFBC}") = "ExtensionMethodExample", "ExtensionMethodExample\ExtensionMethodExample.csproj", "{9E51A65A-F018-40F3-8B7A-CD653EB828D8}"
EndProject
Project("{E24C65DC-7377-472B-9ABA-BC803B73C61A}") = "UsingWebSite", "D:\Shivam Prajapati (2026)\C#.NET\Practice\TopicWise\ExtensionMethod\UsingWebSite\", "{1D64457F-268C-4A97-A66D-C248A5CAD449}"
	ProjectSection(WebsiteProperties) = preProject
		TargetFrameworkMoniker = ".NETFramework,Version%3Dv4.5.2"
		Debug.AspNetCompiler.VirtualPath = "/localhost_53196"
		Debug.AspNetCompiler.PhysicalPath = "D:\Shivam Prajapati (2026)\C#.NET\Practice\TopicWise\ExtensionMethod\UsingWebSite\"
		Debug.AspNetCompiler.TargetPath = "PrecompiledWeb\localhost_53196\"
		Debug.AspNetCompiler.Updateable = "true"
		Debug.AspNetCompiler.ForceOverwrite = "true"
		Debug.AspNetCompiler.FixedNames = "false"
		Debug.AspNetCompiler.Debug = "True"
		Release.AspNetCompiler.VirtualPath = "/localhost_53196"
		Release.AspNetCompiler.PhysicalPath = "D:\Shivam Prajapati (2026)\C#.NET\Practice\TopicWise\ExtensionMethod\UsingWebSite\"
		Release.AspNetCompiler.TargetPath = "PrecompiledWeb\localhost_53196\"
		Release.AspNetCompiler.Updateable = "true"
		Release.AspNetCompiler.ForceOverwrite = "true"
		Release.AspNetCompiler.FixedNames = "false"
		Release.AspNetCompiler.Debug = "False"
		VWDPort = "53196"
		DefaultWebSiteLanguage = "Visual C#"
	EndProjectSection
EndProject
Project("{FAE04EC0-301F-11D3-BF4B-00C04F79EFBC}") = "NestedClassUse", "NestedClassUse\NestedClassUse.csproj", "{B8952B1B-83B4-4367-BB1D-8D0B3FE67B3E}"
EndProject
Global
	GlobalSection(SolutionConfigurationPlatforms) = preSolution
		Debug|Any CPU = Debug|Any CPU
		Release|Any CPU = Release|Any CPU
	EndGlobalSection
	GlobalSection(ProjectConfigurationPlatforms) = postSolution
		{45E08964-8FE6-4DE3-9BDA-5ED7E19BFEE0}.Debug|Any CPU.ActiveCfg = Debug|Any CPU
		{45E08964-8FE6-4DE3-9BDA-5ED7E19BFEE0}.Debug|Any CPU.Build.0 = Debug|Any CPU
		{45E08964-8FE6-4DE3-9BDA-5ED7E19BFEE0}.Release|Any CPU.ActiveCfg = Debug|Any CPU
		{45E08964-8FE6-4DE3-9BDA-5ED7E19BFEE0}.Release|Any CPU.Build.0 = Debug|Any CPU
		{9E51A65A-F018-40F3-8B7A-CD653EB828D8}.Debug|Any CPU.ActiveCfg = Debug|Any CPU
		{9E51A65A-F018-40F3-8B7A-CD653EB828D8}.Debug|Any CPU.Build.0 = Debug|Any CPU
		{9E51A65A-F018-40F3-8B7A-CD653EB828D8}.Release|Any CPU.ActiveCfg = Release|Any CPU
		{9E51A65A-F018-40F3-8B7A-CD653EB828D8}.Release|Any CPU.Build.0 = Release|Any CPU
		{1D64457F-268C-4A97-A66D-C248A5CAD449}.Debug|Any CPU.ActiveCfg = Debug|Any CPU
		{1D64457F-268C-4A97-A66D-C248A5CAD449}.Debug|Any CPU.Build.0 = Debug|Any CPU
		{1D64457F-268C-4A97-A66D-C248A5CAD449}.Release|Any CPU.ActiveCfg = Debug|Any CPU
		{1D64457F-268C-4A97-A66D-C248A5CAD449}.Release|Any CPU.Build.0 = Debug|Any CPU
		{B8952B1B-83B4-4367-BB1D-8D0B3FE67B3E}.Debug|Any CPU.ActiveCfg = Debug|Any CPU
		{B8952B1B-83B4-4367-BB1D-8D0B3FE67B3E}.Debug|Any CPU.Build.0 = Debug|Any CPU
		{B8952B1B-83B4-4367-BB1D-8D0B3FE67B3E}.Release|Any CPU.ActiveCfg = Release|Any CPU
		{B8952B1B-83B4-4367-BB1D-8D0B3FE67B3E}.Release|Any CPU.Build.0 = Release|Any CPU
	EndGlobalSection
	GlobalSection(SolutionProperties) = preSolution
		HideSolutionNode = FALSE
	EndGlobalSection
EndGlobal
