
Microsoft Visual Studio Solution File, Format Version 12.00
# Visual Studio Express 14 for Web
VisualStudioVersion = 14.0.23107.0
MinimumVisualStudioVersion = 10.0.40219.1
Project("{E24C65DC-7377-472B-9ABA-BC803B73C61A}") = "Assignment_4 (Object as Method Parameter - 1)", "D:\Shivam Prajapati (2026)\C#.NET\Practice\Assignment\Assignment_4 (Object as Method Parameter - 1)\", "{2EFC43B0-F0C7-4048-B46D-571DF87694FF}"
	ProjectSection(WebsiteProperties) = preProject
		TargetFrameworkMoniker = ".NETFramework,Version%3Dv4.5.2"
		Debug.AspNetCompiler.VirtualPath = "/localhost_49205"
		Debug.AspNetCompiler.PhysicalPath = "D:\Shivam Prajapati (2026)\C#.NET\Practice\Assignment\Assignment_4 (Object as Method Parameter - 1)\"
		Debug.AspNetCompiler.TargetPath = "PrecompiledWeb\localhost_49205\"
		Debug.AspNetCompiler.Updateable = "true"
		Debug.AspNetCompiler.ForceOverwrite = "true"
		Debug.AspNetCompiler.FixedNames = "false"
		Debug.AspNetCompiler.Debug = "True"
		Release.AspNetCompiler.VirtualPath = "/localhost_49205"
		Release.AspNetCompiler.PhysicalPath = "D:\Shivam Prajapati (2026)\C#.NET\Practice\Assignment\Assignment_4 (Object as Method Parameter - 1)\"
		Release.AspNetCompiler.TargetPath = "PrecompiledWeb\localhost_49205\"
		Release.AspNetCompiler.Updateable = "true"
		Release.AspNetCompiler.ForceOverwrite = "true"
		Release.AspNetCompiler.FixedNames = "false"
		Release.AspNetCompiler.Debug = "False"
		VWDPort = "49205"
	EndProjectSection
EndProject
Project("{FAE04EC0-301F-11D3-BF4B-00C04F79EFBC}") = "HRS", "..\Assignment_4\HRS\HRS.csproj", "{E3C8A347-7157-49D4-8D51-6AC63162EB66}"
EndProject
Project("{FAE04EC0-301F-11D3-BF4B-00C04F79EFBC}") = "Student", "..\Assignment_4\Student\Student.csproj", "{0DAE9D3E-B9F7-4AD2-B4BB-199F93CF0C6F}"
EndProject
Global
	GlobalSection(SolutionConfigurationPlatforms) = preSolution
		Debug|Any CPU = Debug|Any CPU
		Release|Any CPU = Release|Any CPU
	EndGlobalSection
	GlobalSection(ProjectConfigurationPlatforms) = postSolution
		{2EFC43B0-F0C7-4048-B46D-571DF87694FF}.Debug|Any CPU.ActiveCfg = Debug|Any CPU
		{2EFC43B0-F0C7-4048-B46D-571DF87694FF}.Debug|Any CPU.Build.0 = Debug|Any CPU
		{2EFC43B0-F0C7-4048-B46D-571DF87694FF}.Release|Any CPU.ActiveCfg = Debug|Any CPU
		{2EFC43B0-F0C7-4048-B46D-571DF87694FF}.Release|Any CPU.Build.0 = Debug|Any CPU
		{E3C8A347-7157-49D4-8D51-6AC63162EB66}.Debug|Any CPU.ActiveCfg = Debug|Any CPU
		{E3C8A347-7157-49D4-8D51-6AC63162EB66}.Debug|Any CPU.Build.0 = Debug|Any CPU
		{E3C8A347-7157-49D4-8D51-6AC63162EB66}.Release|Any CPU.ActiveCfg = Release|Any CPU
		{E3C8A347-7157-49D4-8D51-6AC63162EB66}.Release|Any CPU.Build.0 = Release|Any CPU
		{0DAE9D3E-B9F7-4AD2-B4BB-199F93CF0C6F}.Debug|Any CPU.ActiveCfg = Debug|Any CPU
		{0DAE9D3E-B9F7-4AD2-B4BB-199F93CF0C6F}.Debug|Any CPU.Build.0 = Debug|Any CPU
		{0DAE9D3E-B9F7-4AD2-B4BB-199F93CF0C6F}.Release|Any CPU.ActiveCfg = Release|Any CPU
		{0DAE9D3E-B9F7-4AD2-B4BB-199F93CF0C6F}.Release|Any CPU.Build.0 = Release|Any CPU
	EndGlobalSection
	GlobalSection(SolutionProperties) = preSolution
		HideSolutionNode = FALSE
	EndGlobalSection
EndGlobal
