
Microsoft Visual Studio Solution File, Format Version 12.00
# Visual Studio Express 14 for Web
VisualStudioVersion = 14.0.23107.0
MinimumVisualStudioVersion = 10.0.40219.1
Project("{E24C65DC-7377-472B-9ABA-BC803B73C61A}") = "Assignment_7", "D:\Shivam Prajapati (2026)\C#.NET\Practice\Assignment\Assignment_7\", "{9ACE9332-41B2-458C-81DF-63612452F185}"
	ProjectSection(WebsiteProperties) = preProject
		TargetFrameworkMoniker = ".NETFramework,Version%3Dv4.5.2"
		Debug.AspNetCompiler.VirtualPath = "/localhost_62275"
		Debug.AspNetCompiler.PhysicalPath = "D:\Shivam Prajapati (2026)\C#.NET\Practice\Assignment\Assignment_7\"
		Debug.AspNetCompiler.TargetPath = "PrecompiledWeb\localhost_62275\"
		Debug.AspNetCompiler.Updateable = "true"
		Debug.AspNetCompiler.ForceOverwrite = "true"
		Debug.AspNetCompiler.FixedNames = "false"
		Debug.AspNetCompiler.Debug = "True"
		Release.AspNetCompiler.VirtualPath = "/localhost_62275"
		Release.AspNetCompiler.PhysicalPath = "D:\Shivam Prajapati (2026)\C#.NET\Practice\Assignment\Assignment_7\"
		Release.AspNetCompiler.TargetPath = "PrecompiledWeb\localhost_62275\"
		Release.AspNetCompiler.Updateable = "true"
		Release.AspNetCompiler.ForceOverwrite = "true"
		Release.AspNetCompiler.FixedNames = "false"
		Release.AspNetCompiler.Debug = "False"
		VWDPort = "62275"
		SlnRelativePath = "D:\Shivam Prajapati (2026)\C#.NET\Practice\Assignment\Assignment_7\"
		DefaultWebSiteLanguage = "Visual C#"
	EndProjectSection
EndProject
Project("{FAE04EC0-301F-11D3-BF4B-00C04F79EFBC}") = "EmpSal", "EmpSal\EmpSal.csproj", "{E98B27EF-E602-4094-8539-9C3AE32274BD}"
EndProject
Project("{FAE04EC0-301F-11D3-BF4B-00C04F79EFBC}") = "Transaction", "Transaction\Transaction.csproj", "{2D243865-DD73-494F-8720-FBCD0BBEE269}"
EndProject
Project("{FAE04EC0-301F-11D3-BF4B-00C04F79EFBC}") = "Student", "Student\Student.csproj", "{A95D24E4-7E21-4F08-A6CB-778A29F1FAB8}"
EndProject
Project("{FAE04EC0-301F-11D3-BF4B-00C04F79EFBC}") = "ProductOrder", "ProductOrder\ProductOrder.csproj", "{93CA4AEF-DB59-4072-9875-42F6C2BF8912}"
EndProject
Global
	GlobalSection(SolutionConfigurationPlatforms) = preSolution
		Debug|Any CPU = Debug|Any CPU
		Release|Any CPU = Release|Any CPU
	EndGlobalSection
	GlobalSection(ProjectConfigurationPlatforms) = postSolution
		{9ACE9332-41B2-458C-81DF-63612452F185}.Debug|Any CPU.ActiveCfg = Debug|Any CPU
		{9ACE9332-41B2-458C-81DF-63612452F185}.Debug|Any CPU.Build.0 = Debug|Any CPU
		{9ACE9332-41B2-458C-81DF-63612452F185}.Release|Any CPU.ActiveCfg = Debug|Any CPU
		{9ACE9332-41B2-458C-81DF-63612452F185}.Release|Any CPU.Build.0 = Debug|Any CPU
		{E98B27EF-E602-4094-8539-9C3AE32274BD}.Debug|Any CPU.ActiveCfg = Debug|Any CPU
		{E98B27EF-E602-4094-8539-9C3AE32274BD}.Debug|Any CPU.Build.0 = Debug|Any CPU
		{E98B27EF-E602-4094-8539-9C3AE32274BD}.Release|Any CPU.ActiveCfg = Release|Any CPU
		{E98B27EF-E602-4094-8539-9C3AE32274BD}.Release|Any CPU.Build.0 = Release|Any CPU
		{2D243865-DD73-494F-8720-FBCD0BBEE269}.Debug|Any CPU.ActiveCfg = Debug|Any CPU
		{2D243865-DD73-494F-8720-FBCD0BBEE269}.Debug|Any CPU.Build.0 = Debug|Any CPU
		{2D243865-DD73-494F-8720-FBCD0BBEE269}.Release|Any CPU.ActiveCfg = Release|Any CPU
		{2D243865-DD73-494F-8720-FBCD0BBEE269}.Release|Any CPU.Build.0 = Release|Any CPU
		{A95D24E4-7E21-4F08-A6CB-778A29F1FAB8}.Debug|Any CPU.ActiveCfg = Debug|Any CPU
		{A95D24E4-7E21-4F08-A6CB-778A29F1FAB8}.Debug|Any CPU.Build.0 = Debug|Any CPU
		{A95D24E4-7E21-4F08-A6CB-778A29F1FAB8}.Release|Any CPU.ActiveCfg = Release|Any CPU
		{A95D24E4-7E21-4F08-A6CB-778A29F1FAB8}.Release|Any CPU.Build.0 = Release|Any CPU
		{93CA4AEF-DB59-4072-9875-42F6C2BF8912}.Debug|Any CPU.ActiveCfg = Debug|Any CPU
		{93CA4AEF-DB59-4072-9875-42F6C2BF8912}.Debug|Any CPU.Build.0 = Debug|Any CPU
		{93CA4AEF-DB59-4072-9875-42F6C2BF8912}.Release|Any CPU.ActiveCfg = Release|Any CPU
		{93CA4AEF-DB59-4072-9875-42F6C2BF8912}.Release|Any CPU.Build.0 = Release|Any CPU
	EndGlobalSection
	GlobalSection(SolutionProperties) = preSolution
		HideSolutionNode = FALSE
	EndGlobalSection
EndGlobal
