
Microsoft Visual Studio Solution File, Format Version 12.00
# Visual Studio Express 14 for Web
VisualStudioVersion = 14.0.23107.0
MinimumVisualStudioVersion = 10.0.40219.1
Project("{E24C65DC-7377-472B-9ABA-BC803B73C61A}") = "AbstractClass", "D:\Shivam Prajapati (2026)\C#.NET\Practice\TopicWise\AbstractClass\", "{FB266132-00A1-4631-97B1-9B4B91F40067}"
	ProjectSection(WebsiteProperties) = preProject
		TargetFrameworkMoniker = ".NETFramework,Version%3Dv4.0"
		Debug.AspNetCompiler.VirtualPath = "/localhost_58054"
		Debug.AspNetCompiler.PhysicalPath = "D:\Shivam Prajapati (2026)\C#.NET\Practice\TopicWise\AbstractClass\"
		Debug.AspNetCompiler.TargetPath = "PrecompiledWeb\localhost_58054\"
		Debug.AspNetCompiler.Updateable = "true"
		Debug.AspNetCompiler.ForceOverwrite = "true"
		Debug.AspNetCompiler.FixedNames = "false"
		Debug.AspNetCompiler.Debug = "True"
		Release.AspNetCompiler.VirtualPath = "/localhost_58054"
		Release.AspNetCompiler.PhysicalPath = "D:\Shivam Prajapati (2026)\C#.NET\Practice\TopicWise\AbstractClass\"
		Release.AspNetCompiler.TargetPath = "PrecompiledWeb\localhost_58054\"
		Release.AspNetCompiler.Updateable = "true"
		Release.AspNetCompiler.ForceOverwrite = "true"
		Release.AspNetCompiler.FixedNames = "false"
		Release.AspNetCompiler.Debug = "False"
		VWDPort = "58054"
	EndProjectSection
EndProject
Project("{FAE04EC0-301F-11D3-BF4B-00C04F79EFBC}") = "AbstractClassScenario", "..\AbstractClassScenario\AbstractClassScenario.csproj", "{98CD1538-0484-41C0-93E7-59018095477F}"
EndProject
Project("{FAE04EC0-301F-11D3-BF4B-00C04F79EFBC}") = "InterfaceScenario", "InterfaceScenario\InterfaceScenario.csproj", "{C4C7699F-F025-4F58-89EF-98FEE81C432F}"
EndProject
Global
	GlobalSection(SolutionConfigurationPlatforms) = preSolution
		Debug|Any CPU = Debug|Any CPU
		Release|Any CPU = Release|Any CPU
	EndGlobalSection
	GlobalSection(ProjectConfigurationPlatforms) = postSolution
		{FB266132-00A1-4631-97B1-9B4B91F40067}.Debug|Any CPU.ActiveCfg = Debug|Any CPU
		{FB266132-00A1-4631-97B1-9B4B91F40067}.Debug|Any CPU.Build.0 = Debug|Any CPU
		{FB266132-00A1-4631-97B1-9B4B91F40067}.Release|Any CPU.ActiveCfg = Debug|Any CPU
		{FB266132-00A1-4631-97B1-9B4B91F40067}.Release|Any CPU.Build.0 = Debug|Any CPU
		{98CD1538-0484-41C0-93E7-59018095477F}.Debug|Any CPU.ActiveCfg = Debug|Any CPU
		{98CD1538-0484-41C0-93E7-59018095477F}.Debug|Any CPU.Build.0 = Debug|Any CPU
		{98CD1538-0484-41C0-93E7-59018095477F}.Release|Any CPU.ActiveCfg = Release|Any CPU
		{98CD1538-0484-41C0-93E7-59018095477F}.Release|Any CPU.Build.0 = Release|Any CPU
		{C4C7699F-F025-4F58-89EF-98FEE81C432F}.Debug|Any CPU.ActiveCfg = Debug|Any CPU
		{C4C7699F-F025-4F58-89EF-98FEE81C432F}.Debug|Any CPU.Build.0 = Debug|Any CPU
		{C4C7699F-F025-4F58-89EF-98FEE81C432F}.Release|Any CPU.ActiveCfg = Release|Any CPU
		{C4C7699F-F025-4F58-89EF-98FEE81C432F}.Release|Any CPU.Build.0 = Release|Any CPU
	EndGlobalSection
	GlobalSection(SolutionProperties) = preSolution
		HideSolutionNode = FALSE
	EndGlobalSection
EndGlobal
